
Microsoft Visual Studio Solution File, Format Version 12.00
# Visual Studio Version 16
VisualStudioVersion = 16.0.31624.102
MinimumVisualStudioVersion = 10.0.40219.1
Project("{FAE04EC0-301F-11D3-BF4B-00C04F79EFBC}") = "WpfApp7", "WpfApp7\WpfApp7.csproj", "{941BEED7-B4D9-40C0-AB72-C5EB96136ED9}"
EndProject
Global
	GlobalSection(SolutionConfigurationPlatforms) = preSolution
		Debug|Any CPU = Debug|Any CPU
		Release|Any CPU = Release|Any CPU
	EndGlobalSection
	GlobalSection(ProjectConfigurationPlatforms) = postSolution
		{941BEED7-B4D9-40C0-AB72-C5EB96136ED9}.Debug|Any CPU.ActiveCfg = Debug|Any CPU
		{941BEED7-B4D9-40C0-AB72-C5EB96136ED9}.Debug|Any CPU.Build.0 = Debug|Any CPU
		{941BEED7-B4D9-40C0-AB72-C5EB96136ED9}.Release|Any CPU.ActiveCfg = Release|Any CPU
		{941BEED7-B4D9-40C0-AB72-C5EB96136ED9}.Release|Any CPU.Build.0 = Release|Any CPU
	EndGlobalSection
	GlobalSection(SolutionProperties) = preSolution
		HideSolutionNode = FALSE
	EndGlobalSection
	GlobalSection(ExtensibilityGlobals) = postSolution
		SolutionGuid = {C1A8F0C2-893F-4467-BFE6-983FE56C21CB}
	EndGlobalSection
EndGlobal
